
Microsoft Visual Studio Solution File, Format Version 12.00
# Visual Studio 14
VisualStudioVersion = 14.0.25420.1
MinimumVisualStudioVersion = 10.0.40219.1
Project("{FAE04EC0-301F-11D3-BF4B-00C04F79EFBC}") = "DofusSwitcherGUI", "DofusSwitcherGUI\DofusSwitcherGUI.csproj", "{B18917BD-8393-4DC5-A162-08B49D00ADCA}"
EndProject
Project("{FAE04EC0-301F-11D3-BF4B-00C04F79EFBC}") = "HardwareHelperLib", "HarwareHelperLib\HardwareHelperLib.csproj", "{86054FD0-A9F8-419E-B185-E55C9E3E1EE5}"
EndProject
Project("{54435603-DBB4-11D2-8724-00A0C9A8B90C}") = "Setup3", "Setup3\Setup3.vdproj", "{F25E0FB6-3EBB-4685-8C54-82B2E75512B7}"
EndProject
Global
	GlobalSection(SolutionConfigurationPlatforms) = preSolution
		Debug|Any CPU = Debug|Any CPU
		Release|Any CPU = Release|Any CPU
	EndGlobalSection
	GlobalSection(ProjectConfigurationPlatforms) = postSolution
		{B18917BD-8393-4DC5-A162-08B49D00ADCA}.Debug|Any CPU.ActiveCfg = Debug|Any CPU
		{B18917BD-8393-4DC5-A162-08B49D00ADCA}.Debug|Any CPU.Build.0 = Debug|Any CPU
		{B18917BD-8393-4DC5-A162-08B49D00ADCA}.Release|Any CPU.ActiveCfg = Release|Any CPU
		{B18917BD-8393-4DC5-A162-08B49D00ADCA}.Release|Any CPU.Build.0 = Release|Any CPU
		{86054FD0-A9F8-419E-B185-E55C9E3E1EE5}.Debug|Any CPU.ActiveCfg = Debug|Any CPU
		{86054FD0-A9F8-419E-B185-E55C9E3E1EE5}.Debug|Any CPU.Build.0 = Debug|Any CPU
		{86054FD0-A9F8-419E-B185-E55C9E3E1EE5}.Release|Any CPU.ActiveCfg = Release|Any CPU
		{86054FD0-A9F8-419E-B185-E55C9E3E1EE5}.Release|Any CPU.Build.0 = Release|Any CPU
		{F25E0FB6-3EBB-4685-8C54-82B2E75512B7}.Debug|Any CPU.ActiveCfg = Debug
		{F25E0FB6-3EBB-4685-8C54-82B2E75512B7}.Release|Any CPU.ActiveCfg = Release
	EndGlobalSection
	GlobalSection(SolutionProperties) = preSolution
		HideSolutionNode = FALSE
	EndGlobalSection
EndGlobal
